
Microsoft Visual Studio Solution File, Format Version 12.00
# Visual Studio Version 17
VisualStudioVersion = 17.5.33530.505
MinimumVisualStudioVersion = 10.0.40219.1
Project("{FAE04EC0-301F-11D3-BF4B-00C04F79EFBC}") = "Password manager", "Password manager\Password manager.csproj", "{8645ABD3-A821-4EF3-BF0B-D71B9003192E}"
EndProject
Global
	GlobalSection(SolutionConfigurationPlatforms) = preSolution
		Debug|Any CPU = Debug|Any CPU
		Release|Any CPU = Release|Any CPU
	EndGlobalSection
	GlobalSection(ProjectConfigurationPlatforms) = postSolution
		{8645ABD3-A821-4EF3-BF0B-D71B9003192E}.Debug|Any CPU.ActiveCfg = Debug|Any CPU
		{8645ABD3-A821-4EF3-BF0B-D71B9003192E}.Debug|Any CPU.Build.0 = Debug|Any CPU
		{8645ABD3-A821-4EF3-BF0B-D71B9003192E}.Release|Any CPU.ActiveCfg = Release|Any CPU
		{8645ABD3-A821-4EF3-BF0B-D71B9003192E}.Release|Any CPU.Build.0 = Release|Any CPU
	EndGlobalSection
	GlobalSection(SolutionProperties) = preSolution
		HideSolutionNode = FALSE
	EndGlobalSection
	GlobalSection(ExtensibilityGlobals) = postSolution
		SolutionGuid = {CE57F67D-B9FA-4052-BBB4-8B1866B64C64}
	EndGlobalSection
EndGlobal
